
Microsoft Visual Studio Solution File, Format Version 12.00
# Visual Studio Version 17
VisualStudioVersion = 17.5.33530.505
MinimumVisualStudioVersion = 10.0.40219.1
Project("{FAE04EC0-301F-11D3-BF4B-00C04F79EFBC}") = "Hasan TAS", "Hasan TAS\Hasan TAS.csproj", "{08CE1FF1-B3C7-4DBF-90DD-45A70F25CE84}"
EndProject
Global
	GlobalSection(SolutionConfigurationPlatforms) = preSolution
		Debug|Any CPU = Debug|Any CPU
		Release|Any CPU = Release|Any CPU
	EndGlobalSection
	GlobalSection(ProjectConfigurationPlatforms) = postSolution
		{08CE1FF1-B3C7-4DBF-90DD-45A70F25CE84}.Debug|Any CPU.ActiveCfg = Debug|Any CPU
		{08CE1FF1-B3C7-4DBF-90DD-45A70F25CE84}.Debug|Any CPU.Build.0 = Debug|Any CPU
		{08CE1FF1-B3C7-4DBF-90DD-45A70F25CE84}.Release|Any CPU.ActiveCfg = Release|Any CPU
		{08CE1FF1-B3C7-4DBF-90DD-45A70F25CE84}.Release|Any CPU.Build.0 = Release|Any CPU
	EndGlobalSection
	GlobalSection(SolutionProperties) = preSolution
		HideSolutionNode = FALSE
	EndGlobalSection
	GlobalSection(ExtensibilityGlobals) = postSolution
		SolutionGuid = {9FB50544-C818-40A8-A2D3-930A6DA925E0}
	EndGlobalSection
EndGlobal
